
Microsoft Visual Studio Solution File, Format Version 12.00
# Visual Studio Version 16
VisualStudioVersion = 16.0.31025.218
MinimumVisualStudioVersion = 10.0.40219.1
Project("{FAE04EC0-301F-11D3-BF4B-00C04F79EFBC}") = "PBI_WorkspaceCapacityMover", "PBI_WorkspaceCapacityMover.csproj", "{2F07A2CF-F668-405D-BE4C-C5217AFD0334}"
EndProject
Global
	GlobalSection(SolutionConfigurationPlatforms) = preSolution
		Debug|Any CPU = Debug|Any CPU
		Release|Any CPU = Release|Any CPU
	EndGlobalSection
	GlobalSection(ProjectConfigurationPlatforms) = postSolution
		{2F07A2CF-F668-405D-BE4C-C5217AFD0334}.Debug|Any CPU.ActiveCfg = Debug|Any CPU
		{2F07A2CF-F668-405D-BE4C-C5217AFD0334}.Debug|Any CPU.Build.0 = Debug|Any CPU
		{2F07A2CF-F668-405D-BE4C-C5217AFD0334}.Release|Any CPU.ActiveCfg = Release|Any CPU
		{2F07A2CF-F668-405D-BE4C-C5217AFD0334}.Release|Any CPU.Build.0 = Release|Any CPU
	EndGlobalSection
	GlobalSection(SolutionProperties) = preSolution
		HideSolutionNode = FALSE
	EndGlobalSection
	GlobalSection(ExtensibilityGlobals) = postSolution
		SolutionGuid = {3EC14B29-1356-4F96-9CFB-3993BAC2E9A8}
	EndGlobalSection
EndGlobal
